
Microsoft Visual Studio Solution File, Format Version 11.00
# Visual Studio 2010
Project("{FAE04EC0-301F-11D3-BF4B-00C04F79EFBC}") = "Unity.Timeline", "Unity.Timeline.csproj", "{fd3defca-973c-9b1c-80fc-2228b94cf02f}"
EndProject
Project("{FAE04EC0-301F-11D3-BF4B-00C04F79EFBC}") = "Unity.Timeline.Editor", "Unity.Timeline.Editor.csproj", "{60c7f71b-88c8-e893-9727-909c1c9d09c1}"
EndProject
Project("{FAE04EC0-301F-11D3-BF4B-00C04F79EFBC}") = "Unity.ShaderGraph.Editor", "Unity.ShaderGraph.Editor.csproj", "{81b3db72-290e-8ce3-53ec-32543411f9eb}"
EndProject
Project("{FAE04EC0-301F-11D3-BF4B-00C04F79EFBC}") = "Unity.RenderPipelines.Universal.Editor", "Unity.RenderPipelines.Universal.Editor.csproj", "{42317df7-b8f3-afb4-dd00-320bbe933165}"
EndProject
Project("{FAE04EC0-301F-11D3-BF4B-00C04F79EFBC}") = "Unity.TextMeshPro.Editor", "Unity.TextMeshPro.Editor.csproj", "{6da0a389-1af4-f265-2b2a-779c3b2f136b}"
EndProject
Project("{FAE04EC0-301F-11D3-BF4B-00C04F79EFBC}") = "Unity.VisualScripting.Flow", "Unity.VisualScripting.Flow.csproj", "{d4d203b9-6c2a-0432-da10-00b641cb9d14}"
EndProject
Project("{FAE04EC0-301F-11D3-BF4B-00C04F79EFBC}") = "Unity.RenderPipelines.Universal.Runtime", "Unity.RenderPipelines.Universal.Runtime.csproj", "{1cddd550-0c37-5cfc-060e-042ec4723858}"
EndProject
Project("{FAE04EC0-301F-11D3-BF4B-00C04F79EFBC}") = "UnityEditor.UI", "UnityEditor.UI.csproj", "{7e458ecf-22a1-c7a3-4c3f-6c00aea4a55c}"
EndProject
Project("{FAE04EC0-301F-11D3-BF4B-00C04F79EFBC}") = "Unity.PlasticSCM.Editor", "Unity.PlasticSCM.Editor.csproj", "{a32aecbe-b5a7-113c-09d3-4354912ff529}"
EndProject
Project("{FAE04EC0-301F-11D3-BF4B-00C04F79EFBC}") = "Unity.RenderPipelines.Core.Runtime", "Unity.RenderPipelines.Core.Runtime.csproj", "{53f934e1-dd20-3ce3-e04e-1acd49e95fa7}"
EndProject
Project("{FAE04EC0-301F-11D3-BF4B-00C04F79EFBC}") = "Unity.VisualScripting.Core", "Unity.VisualScripting.Core.csproj", "{a7ee839b-3647-1e3c-e53b-28a7a8b14578}"
EndProject
Project("{FAE04EC0-301F-11D3-BF4B-00C04F79EFBC}") = "Unity.Mathematics", "Unity.Mathematics.csproj", "{e9c4e29b-2b43-b586-b4c3-cf365ceede2f}"
EndProject
Project("{FAE04EC0-301F-11D3-BF4B-00C04F79EFBC}") = "Unity.RenderPipelines.Core.Editor", "Unity.RenderPipelines.Core.Editor.csproj", "{6f1730b2-8846-caee-0d46-bde9354e36c6}"
EndProject
Project("{FAE04EC0-301F-11D3-BF4B-00C04F79EFBC}") = "Unity.VisualScripting.Core.Editor", "Unity.VisualScripting.Core.Editor.csproj", "{64cdcb75-1f15-5a4a-75a9-dc5c6cb55d12}"
EndProject
Project("{FAE04EC0-301F-11D3-BF4B-00C04F79EFBC}") = "Unity.VisualScripting.Flow.Editor", "Unity.VisualScripting.Flow.Editor.csproj", "{c5fefe8f-daf2-66bf-990a-37d4e1a774cb}"
EndProject
Project("{FAE04EC0-301F-11D3-BF4B-00C04F79EFBC}") = "UnityEditor.TestRunner", "UnityEditor.TestRunner.csproj", "{c3c335aa-7abd-1e68-8042-04d13cceb786}"
EndProject
Project("{FAE04EC0-301F-11D3-BF4B-00C04F79EFBC}") = "Unity.VisualScripting.SettingsProvider.Editor", "Unity.VisualScripting.SettingsProvider.Editor.csproj", "{9b1792fc-3a79-4def-f3e5-22075d37dc05}"
EndProject
Project("{FAE04EC0-301F-11D3-BF4B-00C04F79EFBC}") = "UnityEngine.TestRunner", "UnityEngine.TestRunner.csproj", "{74764f20-8bd9-f39e-fa40-10de4b9fce59}"
EndProject
Project("{FAE04EC0-301F-11D3-BF4B-00C04F79EFBC}") = "Unity.Searcher.Editor", "Unity.Searcher.Editor.csproj", "{04959948-9886-4a50-3d43-bb0131e87773}"
EndProject
Project("{FAE04EC0-301F-11D3-BF4B-00C04F79EFBC}") = "Unity.Burst", "Unity.Burst.csproj", "{423c5c9e-c562-553a-e292-862f350c765d}"
EndProject
Project("{FAE04EC0-301F-11D3-BF4B-00C04F79EFBC}") = "UnityEngine.UI", "UnityEngine.UI.csproj", "{ad3ab4f1-4ee2-05c4-a48d-7fbe2667f055}"
EndProject
Project("{FAE04EC0-301F-11D3-BF4B-00C04F79EFBC}") = "Unity.VisualStudio.Editor", "Unity.VisualStudio.Editor.csproj", "{32e1e312-5557-7a65-605c-34fd7c072800}"
EndProject
Project("{FAE04EC0-301F-11D3-BF4B-00C04F79EFBC}") = "PPv2URPConverters", "PPv2URPConverters.csproj", "{081d6a69-dbda-31c5-097c-1f3f4167e3b6}"
EndProject
Project("{FAE04EC0-301F-11D3-BF4B-00C04F79EFBC}") = "Unity.TestTools.CodeCoverage.Editor.OpenCover.Model", "Unity.TestTools.CodeCoverage.Editor.OpenCover.Model.csproj", "{e95c248b-9a65-dec8-80ed-13f42d2934fd}"
EndProject
Project("{FAE04EC0-301F-11D3-BF4B-00C04F79EFBC}") = "Unity.Rider.Editor", "Unity.Rider.Editor.csproj", "{339a8c75-8c0d-b35a-a253-a9dcd3016d89}"
EndProject
Project("{FAE04EC0-301F-11D3-BF4B-00C04F79EFBC}") = "Unity.VisualScripting.State.Editor", "Unity.VisualScripting.State.Editor.csproj", "{bfc86b69-396f-c4e3-7f41-a7764b081bb2}"
EndProject
Project("{FAE04EC0-301F-11D3-BF4B-00C04F79EFBC}") = "Unity.TestTools.CodeCoverage.Editor", "Unity.TestTools.CodeCoverage.Editor.csproj", "{b09b2e53-ac53-fa21-de6d-38d0978f175a}"
EndProject
Project("{FAE04EC0-301F-11D3-BF4B-00C04F79EFBC}") = "Unity.Burst.CodeGen", "Unity.Burst.CodeGen.csproj", "{23a5beb5-6d5a-b738-68c2-fe8b32499390}"
EndProject
Project("{FAE04EC0-301F-11D3-BF4B-00C04F79EFBC}") = "Unity.RenderPipeline.Universal.ShaderLibrary", "Unity.RenderPipeline.Universal.ShaderLibrary.csproj", "{37a7073a-64ab-78b0-af46-e85e531893e6}"
EndProject
Project("{FAE04EC0-301F-11D3-BF4B-00C04F79EFBC}") = "Unity.VisualScripting.State", "Unity.VisualScripting.State.csproj", "{9115a026-8394-85b6-abf8-65666ce22fcf}"
EndProject
Project("{FAE04EC0-301F-11D3-BF4B-00C04F79EFBC}") = "Unity.TextMeshPro", "Unity.TextMeshPro.csproj", "{253ba3cb-23a4-cddc-a461-636c02b159de}"
EndProject
Project("{FAE04EC0-301F-11D3-BF4B-00C04F79EFBC}") = "Unity.Performance.Profile-Analyzer.Editor", "Unity.Performance.Profile-Analyzer.Editor.csproj", "{77387ea3-ccd8-de32-e9cd-d2a593c16acd}"
EndProject
Project("{FAE04EC0-301F-11D3-BF4B-00C04F79EFBC}") = "Unity.VSCode.Editor", "Unity.VSCode.Editor.csproj", "{cc5b4f1b-cfab-2ae7-88d2-2ce191e29830}"
EndProject
Project("{FAE04EC0-301F-11D3-BF4B-00C04F79EFBC}") = "Unity.Burst.Editor", "Unity.Burst.Editor.csproj", "{2f721487-0aaf-9907-704a-7410b3b48bd7}"
EndProject
Project("{FAE04EC0-301F-11D3-BF4B-00C04F79EFBC}") = "Unity.TestTools.CodeCoverage.Editor.OpenCover.Mono.Reflection", "Unity.TestTools.CodeCoverage.Editor.OpenCover.Mono.Reflection.csproj", "{4544cc13-f09d-6b4e-10e2-dab7c1381ba2}"
EndProject
Project("{FAE04EC0-301F-11D3-BF4B-00C04F79EFBC}") = "Assembly-CSharp", "Assembly-CSharp.csproj", "{f0c8b669-92a0-6a6a-098c-0c119dfdb7a6}"
EndProject
Project("{FAE04EC0-301F-11D3-BF4B-00C04F79EFBC}") = "Unity.Settings.Editor", "Unity.Settings.Editor.csproj", "{57758555-4ce6-c745-80fa-482f080b216d}"
EndProject
Project("{FAE04EC0-301F-11D3-BF4B-00C04F79EFBC}") = "Unity.ShaderGraph.Utilities", "Unity.ShaderGraph.Utilities.csproj", "{f1a5e436-f0a7-60e6-3312-d98bd08d4983}"
EndProject
Project("{FAE04EC0-301F-11D3-BF4B-00C04F79EFBC}") = "Unity.EditorCoroutines.Editor", "Unity.EditorCoroutines.Editor.csproj", "{316cd1bb-7835-46d4-880b-922c57aa1e47}"
EndProject
Project("{FAE04EC0-301F-11D3-BF4B-00C04F79EFBC}") = "Unity.Mathematics.Editor", "Unity.Mathematics.Editor.csproj", "{590459c6-b756-8961-942b-ab593633f286}"
EndProject
Project("{FAE04EC0-301F-11D3-BF4B-00C04F79EFBC}") = "Unity.VisualScripting.Shared.Editor", "Unity.VisualScripting.Shared.Editor.csproj", "{cd04a964-bdf1-0f62-045e-90b740785d79}"
EndProject
Project("{FAE04EC0-301F-11D3-BF4B-00C04F79EFBC}") = "Unity.CollabProxy.Editor", "Unity.CollabProxy.Editor.csproj", "{5e9c718e-2f2a-b640-4149-eeb1edbe418f}"
EndProject
Project("{FAE04EC0-301F-11D3-BF4B-00C04F79EFBC}") = "Unity.RenderPipelines.ShaderGraph.ShaderGraphLibrary", "Unity.RenderPipelines.ShaderGraph.ShaderGraphLibrary.csproj", "{22d837d0-26f8-c596-0705-db679b8ea980}"
EndProject
Project("{FAE04EC0-301F-11D3-BF4B-00C04F79EFBC}") = "Unity.RenderPipelines.Core.ShaderLibrary", "Unity.RenderPipelines.Core.ShaderLibrary.csproj", "{7f4681b5-1bf9-cfac-e573-b0f9e7025be7}"
EndProject
Project("{FAE04EC0-301F-11D3-BF4B-00C04F79EFBC}") = "Unity.RenderPipelines.Universal.Shaders", "Unity.RenderPipelines.Universal.Shaders.csproj", "{248e74ac-7897-1712-69ac-126d47fb7956}"
EndProject
Global
	GlobalSection(SolutionConfigurationPlatforms) = preSolution
		Debug|Any CPU = Debug|Any CPU
	EndGlobalSection
	GlobalSection(ProjectConfigurationPlatforms) = postSolution
		{fd3defca-973c-9b1c-80fc-2228b94cf02f}.Debug|Any CPU.ActiveCfg = Debug|Any CPU
		{fd3defca-973c-9b1c-80fc-2228b94cf02f}.Debug|Any CPU.Build.0 = Debug|Any CPU
		{60c7f71b-88c8-e893-9727-909c1c9d09c1}.Debug|Any CPU.ActiveCfg = Debug|Any CPU
		{60c7f71b-88c8-e893-9727-909c1c9d09c1}.Debug|Any CPU.Build.0 = Debug|Any CPU
		{81b3db72-290e-8ce3-53ec-32543411f9eb}.Debug|Any CPU.ActiveCfg = Debug|Any CPU
		{81b3db72-290e-8ce3-53ec-32543411f9eb}.Debug|Any CPU.Build.0 = Debug|Any CPU
		{42317df7-b8f3-afb4-dd00-320bbe933165}.Debug|Any CPU.ActiveCfg = Debug|Any CPU
		{42317df7-b8f3-afb4-dd00-320bbe933165}.Debug|Any CPU.Build.0 = Debug|Any CPU
		{6da0a389-1af4-f265-2b2a-779c3b2f136b}.Debug|Any CPU.ActiveCfg = Debug|Any CPU
		{6da0a389-1af4-f265-2b2a-779c3b2f136b}.Debug|Any CPU.Build.0 = Debug|Any CPU
		{d4d203b9-6c2a-0432-da10-00b641cb9d14}.Debug|Any CPU.ActiveCfg = Debug|Any CPU
		{d4d203b9-6c2a-0432-da10-00b641cb9d14}.Debug|Any CPU.Build.0 = Debug|Any CPU
		{1cddd550-0c37-5cfc-060e-042ec4723858}.Debug|Any CPU.ActiveCfg = Debug|Any CPU
		{1cddd550-0c37-5cfc-060e-042ec4723858}.Debug|Any CPU.Build.0 = Debug|Any CPU
		{7e458ecf-22a1-c7a3-4c3f-6c00aea4a55c}.Debug|Any CPU.ActiveCfg = Debug|Any CPU
		{7e458ecf-22a1-c7a3-4c3f-6c00aea4a55c}.Debug|Any CPU.Build.0 = Debug|Any CPU
		{a32aecbe-b5a7-113c-09d3-4354912ff529}.Debug|Any CPU.ActiveCfg = Debug|Any CPU
		{a32aecbe-b5a7-113c-09d3-4354912ff529}.Debug|Any CPU.Build.0 = Debug|Any CPU
		{53f934e1-dd20-3ce3-e04e-1acd49e95fa7}.Debug|Any CPU.ActiveCfg = Debug|Any CPU
		{53f934e1-dd20-3ce3-e04e-1acd49e95fa7}.Debug|Any CPU.Build.0 = Debug|Any CPU
		{a7ee839b-3647-1e3c-e53b-28a7a8b14578}.Debug|Any CPU.ActiveCfg = Debug|Any CPU
		{a7ee839b-3647-1e3c-e53b-28a7a8b14578}.Debug|Any CPU.Build.0 = Debug|Any CPU
		{e9c4e29b-2b43-b586-b4c3-cf365ceede2f}.Debug|Any CPU.ActiveCfg = Debug|Any CPU
		{e9c4e29b-2b43-b586-b4c3-cf365ceede2f}.Debug|Any CPU.Build.0 = Debug|Any CPU
		{6f1730b2-8846-caee-0d46-bde9354e36c6}.Debug|Any CPU.ActiveCfg = Debug|Any CPU
		{6f1730b2-8846-caee-0d46-bde9354e36c6}.Debug|Any CPU.Build.0 = Debug|Any CPU
		{64cdcb75-1f15-5a4a-75a9-dc5c6cb55d12}.Debug|Any CPU.ActiveCfg = Debug|Any CPU
		{64cdcb75-1f15-5a4a-75a9-dc5c6cb55d12}.Debug|Any CPU.Build.0 = Debug|Any CPU
		{c5fefe8f-daf2-66bf-990a-37d4e1a774cb}.Debug|Any CPU.ActiveCfg = Debug|Any CPU
		{c5fefe8f-daf2-66bf-990a-37d4e1a774cb}.Debug|Any CPU.Build.0 = Debug|Any CPU
		{c3c335aa-7abd-1e68-8042-04d13cceb786}.Debug|Any CPU.ActiveCfg = Debug|Any CPU
		{c3c335aa-7abd-1e68-8042-04d13cceb786}.Debug|Any CPU.Build.0 = Debug|Any CPU
		{9b1792fc-3a79-4def-f3e5-22075d37dc05}.Debug|Any CPU.ActiveCfg = Debug|Any CPU
		{9b1792fc-3a79-4def-f3e5-22075d37dc05}.Debug|Any CPU.Build.0 = Debug|Any CPU
		{74764f20-8bd9-f39e-fa40-10de4b9fce59}.Debug|Any CPU.ActiveCfg = Debug|Any CPU
		{74764f20-8bd9-f39e-fa40-10de4b9fce59}.Debug|Any CPU.Build.0 = Debug|Any CPU
		{04959948-9886-4a50-3d43-bb0131e87773}.Debug|Any CPU.ActiveCfg = Debug|Any CPU
		{04959948-9886-4a50-3d43-bb0131e87773}.Debug|Any CPU.Build.0 = Debug|Any CPU
		{423c5c9e-c562-553a-e292-862f350c765d}.Debug|Any CPU.ActiveCfg = Debug|Any CPU
		{423c5c9e-c562-553a-e292-862f350c765d}.Debug|Any CPU.Build.0 = Debug|Any CPU
		{ad3ab4f1-4ee2-05c4-a48d-7fbe2667f055}.Debug|Any CPU.ActiveCfg = Debug|Any CPU
		{ad3ab4f1-4ee2-05c4-a48d-7fbe2667f055}.Debug|Any CPU.Build.0 = Debug|Any CPU
		{32e1e312-5557-7a65-605c-34fd7c072800}.Debug|Any CPU.ActiveCfg = Debug|Any CPU
		{32e1e312-5557-7a65-605c-34fd7c072800}.Debug|Any CPU.Build.0 = Debug|Any CPU
		{081d6a69-dbda-31c5-097c-1f3f4167e3b6}.Debug|Any CPU.ActiveCfg = Debug|Any CPU
		{081d6a69-dbda-31c5-097c-1f3f4167e3b6}.Debug|Any CPU.Build.0 = Debug|Any CPU
		{e95c248b-9a65-dec8-80ed-13f42d2934fd}.Debug|Any CPU.ActiveCfg = Debug|Any CPU
		{e95c248b-9a65-dec8-80ed-13f42d2934fd}.Debug|Any CPU.Build.0 = Debug|Any CPU
		{339a8c75-8c0d-b35a-a253-a9dcd3016d89}.Debug|Any CPU.ActiveCfg = Debug|Any CPU
		{339a8c75-8c0d-b35a-a253-a9dcd3016d89}.Debug|Any CPU.Build.0 = Debug|Any CPU
		{bfc86b69-396f-c4e3-7f41-a7764b081bb2}.Debug|Any CPU.ActiveCfg = Debug|Any CPU
		{bfc86b69-396f-c4e3-7f41-a7764b081bb2}.Debug|Any CPU.Build.0 = Debug|Any CPU
		{b09b2e53-ac53-fa21-de6d-38d0978f175a}.Debug|Any CPU.ActiveCfg = Debug|Any CPU
		{b09b2e53-ac53-fa21-de6d-38d0978f175a}.Debug|Any CPU.Build.0 = Debug|Any CPU
		{23a5beb5-6d5a-b738-68c2-fe8b32499390}.Debug|Any CPU.ActiveCfg = Debug|Any CPU
		{23a5beb5-6d5a-b738-68c2-fe8b32499390}.Debug|Any CPU.Build.0 = Debug|Any CPU
		{37a7073a-64ab-78b0-af46-e85e531893e6}.Debug|Any CPU.ActiveCfg = Debug|Any CPU
		{37a7073a-64ab-78b0-af46-e85e531893e6}.Debug|Any CPU.Build.0 = Debug|Any CPU
		{9115a026-8394-85b6-abf8-65666ce22fcf}.Debug|Any CPU.ActiveCfg = Debug|Any CPU
		{9115a026-8394-85b6-abf8-65666ce22fcf}.Debug|Any CPU.Build.0 = Debug|Any CPU
		{253ba3cb-23a4-cddc-a461-636c02b159de}.Debug|Any CPU.ActiveCfg = Debug|Any CPU
		{253ba3cb-23a4-cddc-a461-636c02b159de}.Debug|Any CPU.Build.0 = Debug|Any CPU
		{77387ea3-ccd8-de32-e9cd-d2a593c16acd}.Debug|Any CPU.ActiveCfg = Debug|Any CPU
		{77387ea3-ccd8-de32-e9cd-d2a593c16acd}.Debug|Any CPU.Build.0 = Debug|Any CPU
		{cc5b4f1b-cfab-2ae7-88d2-2ce191e29830}.Debug|Any CPU.ActiveCfg = Debug|Any CPU
		{cc5b4f1b-cfab-2ae7-88d2-2ce191e29830}.Debug|Any CPU.Build.0 = Debug|Any CPU
		{2f721487-0aaf-9907-704a-7410b3b48bd7}.Debug|Any CPU.ActiveCfg = Debug|Any CPU
		{2f721487-0aaf-9907-704a-7410b3b48bd7}.Debug|Any CPU.Build.0 = Debug|Any CPU
		{4544cc13-f09d-6b4e-10e2-dab7c1381ba2}.Debug|Any CPU.ActiveCfg = Debug|Any CPU
		{4544cc13-f09d-6b4e-10e2-dab7c1381ba2}.Debug|Any CPU.Build.0 = Debug|Any CPU
		{f0c8b669-92a0-6a6a-098c-0c119dfdb7a6}.Debug|Any CPU.ActiveCfg = Debug|Any CPU
		{f0c8b669-92a0-6a6a-098c-0c119dfdb7a6}.Debug|Any CPU.Build.0 = Debug|Any CPU
		{57758555-4ce6-c745-80fa-482f080b216d}.Debug|Any CPU.ActiveCfg = Debug|Any CPU
		{57758555-4ce6-c745-80fa-482f080b216d}.Debug|Any CPU.Build.0 = Debug|Any CPU
		{f1a5e436-f0a7-60e6-3312-d98bd08d4983}.Debug|Any CPU.ActiveCfg = Debug|Any CPU
		{f1a5e436-f0a7-60e6-3312-d98bd08d4983}.Debug|Any CPU.Build.0 = Debug|Any CPU
		{316cd1bb-7835-46d4-880b-922c57aa1e47}.Debug|Any CPU.ActiveCfg = Debug|Any CPU
		{316cd1bb-7835-46d4-880b-922c57aa1e47}.Debug|Any CPU.Build.0 = Debug|Any CPU
		{590459c6-b756-8961-942b-ab593633f286}.Debug|Any CPU.ActiveCfg = Debug|Any CPU
		{590459c6-b756-8961-942b-ab593633f286}.Debug|Any CPU.Build.0 = Debug|Any CPU
		{cd04a964-bdf1-0f62-045e-90b740785d79}.Debug|Any CPU.ActiveCfg = Debug|Any CPU
		{cd04a964-bdf1-0f62-045e-90b740785d79}.Debug|Any CPU.Build.0 = Debug|Any CPU
		{5e9c718e-2f2a-b640-4149-eeb1edbe418f}.Debug|Any CPU.ActiveCfg = Debug|Any CPU
		{5e9c718e-2f2a-b640-4149-eeb1edbe418f}.Debug|Any CPU.Build.0 = Debug|Any CPU
		{22d837d0-26f8-c596-0705-db679b8ea980}.Debug|Any CPU.ActiveCfg = Debug|Any CPU
		{22d837d0-26f8-c596-0705-db679b8ea980}.Debug|Any CPU.Build.0 = Debug|Any CPU
		{7f4681b5-1bf9-cfac-e573-b0f9e7025be7}.Debug|Any CPU.ActiveCfg = Debug|Any CPU
		{7f4681b5-1bf9-cfac-e573-b0f9e7025be7}.Debug|Any CPU.Build.0 = Debug|Any CPU
		{248e74ac-7897-1712-69ac-126d47fb7956}.Debug|Any CPU.ActiveCfg = Debug|Any CPU
		{248e74ac-7897-1712-69ac-126d47fb7956}.Debug|Any CPU.Build.0 = Debug|Any CPU
	EndGlobalSection
	GlobalSection(SolutionProperties) = preSolution
		HideSolutionNode = FALSE
	EndGlobalSection
EndGlobal
